<Solution>
  <Folder Name="/.github/">
    <File Path=".github/copilot-instructions.md" />
  </Folder>
  <Folder Name="/01_CommonDomain/">
    <Project Path="Auxilia.Governance.Tests\Auxilia.Governance.Tests.csproj" />
    <Project Path="Auxilia.Governance\Auxilia.Governance.csproj" />
    <Project Path="Auxilia.PlatformData.Tests\Auxilia.PlatformData.Tests.csproj" />
    <Project Path="Auxilia.PlatformData\Auxilia.PlatformData.csproj" />
    <Project Path="Auxilia.UniversalDataAccess.Tests\Auxilia.UniversalDataAccess.Tests.csproj" />
    <Project Path="Auxilia.UniversalDataAccess\Auxilia.UniversalDataAccess.csproj" />
    <Project Path="Source\Auxilia.Messaging\Auxilia.Messaging.csproj" />
  </Folder>
  <Folder Name="/02_FrontendDomain/" />
  <Folder Name="/03_SteeringDomain/">
    <Project Path="Auxilia.Core.Runner.Tests\Auxilia.Core.Runner.Tests.csproj" />
    <Project Path="Source\Auxilia.Core.Runner\Auxilia.Core.Runner.csproj" />
  </Folder>
  <Folder Name="/04_BackendDomain/">
    <Project Path="Auxilia.Adapters.Email.Tests\Auxilia.Adapters.Email.Tests.csproj" />
    <Project Path="Auxilia.Ai.Tests\Auxilia.Ai.Tests.csproj" />
    <Project Path="Auxilia.AI\Auxilia.AI.csproj" />
    <Project Path="Auxilia.BackendService.Tests\Auxilia.BackendService.Tests.csproj" />
    <Project Path="Source\Auxilia.Adapters.Email\Auxilia.Adapters.Email.csproj" />
    <Project Path="Source\Auxilia.BackendService\Auxilia.BackendService.csproj" />
  </Folder>
  <Folder Name="/Hooks/">
    <File Path="Hooks\commit-msg" />
    <File Path="Hooks\pre-commit" />
    <File Path="Hooks\RegisterHooks.ps1" />
  </Folder>
  <Folder Name="/Scripts/">
    <File Path="Scripts\Run-SystemTests.ps1" />
    <Project Path="Auxilia.DevStand\Auxilia.DevStand.csproj" />
  </Folder>
  <Folder Name="/Overview/">
    <File Path="ARCHITECTURE.md" />
    <File Path="docs/workflow-sdk-design.md" />
    <File Path="README.md" />
    <File Path="CommitConventions.md" />
    <File Path="TestStrategy.md" />
    <File Path="USE-CASES.md" />
  </Folder>
  <Folder Name="/05_WorkflowsDomain/">
    <Project Path="Auxilia.Workflows.Packer.Tests\Auxilia.Workflows.Packer.Tests.csproj" />
    <Project Path="Auxilia.Workflows.Packer\Auxilia.Workflows.Packer.csproj" />
    <Project Path="Auxilia.Workflows.SlotPackages.Tests\Auxilia.Workflows.SlotPackages.Tests.csproj" />
    <Project Path="Auxilia.Workflows.Testing.Tests\Auxilia.Workflows.Testing.Tests.csproj" />
    <Project Path="Auxilia.Workflows.Testing\Auxilia.Workflows.Testing.csproj" />
    <Project Path="Auxilia.Workflows.Tests\Auxilia.Workflows.Tests.csproj" />
    <Project Path="Auxilia.Workflows\Auxilia.Workflows.csproj" />
    <Project Path="Source/Auxilia.Workflows.TestRunner/Auxilia.Workflows.TestRunner.csproj" />
    <Project Path="Source\Auxilia.Workflows.AiAgent\Auxilia.Workflows.AiAgent.csproj" />
    <Project Path="Source\Auxilia.Workflows.PullRequestAccess\Auxilia.Workflows.PullRequestAccess.csproj" />
    <Project Path="Source\Auxilia.Workflows.SourceControl\Auxilia.Workflows.SourceControl.csproj" />
    <Project Path="Source\Auxilia.Workflows.TaskSource\Auxilia.Workflows.TaskSource.csproj" />
  </Folder>
  <Folder Name="/06_WorkflowImplementations/">
    <Project Path="Auxilia.ClaudeCode.Workflow.Tests\Auxilia.ClaudeCode.Workflow.Tests.csproj" />
    <Project Path="Auxilia.CodingSession.Workflow.Tests\Auxilia.CodingSession.Workflow.Tests.csproj" />
    <Project Path="Auxilia.SessionNotifier.Workflow.Tests\Auxilia.SessionNotifier.Workflow.Tests.csproj" />
    <Project Path="Auxilia.CodeReview.Workflow.Tests\Auxilia.CodeReview.Workflow.Tests.csproj" />
    <Project Path="Auxilia.FakeSlots.CodeReview.Happy\Auxilia.FakeSlots.CodeReview.Happy.csproj" />
    <Project Path="Auxilia.FakeSlots.CodeReview.WriteBackFailure\Auxilia.FakeSlots.CodeReview.WriteBackFailure.csproj" />
    <Project Path="Auxilia.FakeSlots.Implementation.AgentFailure\Auxilia.FakeSlots.Implementation.AgentFailure.csproj" />
    <Project Path="Auxilia.FakeSlots.Implementation.Happy\Auxilia.FakeSlots.Implementation.Happy.csproj" />
    <Project Path="Auxilia.FakeSlots.Tests\Auxilia.FakeSlots.Tests.csproj" />
    <Project Path="Auxilia.ImplementationWorkflow.Tests/Auxilia.ImplementationWorkflow.Tests.csproj" />
    <Project Path="Auxilia.Slots.ClaudeCode.Tests\Auxilia.Slots.ClaudeCode.Tests.csproj" />
    <Project Path="Auxilia.Slots.ClaudeCode\Auxilia.Slots.ClaudeCode.csproj" />
    <Project Path="Auxilia.Slots.CodingSession\Auxilia.Slots.CodingSession.csproj" />
    <Project Path="Auxilia.Slots.Email.Tests\Auxilia.Slots.Email.Tests.csproj" />
    <Project Path="Auxilia.Slots.Email\Auxilia.Slots.Email.csproj" />
    <Project Path="Auxilia.Slots.GitHub.Tests\Auxilia.Slots.GitHub.Tests.csproj" />
    <Project Path="Auxilia.Slots.GitHub\Auxilia.Slots.GitHub.csproj" />
    <Project Path="Source/Auxilia.ClaudeCode.Workflow/Auxilia.ClaudeCode.Workflow.csproj" />
    <Project Path="Source/Auxilia.CodingSession.Workflow/Auxilia.CodingSession.Workflow.csproj" />
    <Project Path="Source/Auxilia.SessionNotifier.Workflow/Auxilia.SessionNotifier.Workflow.csproj" />
    <Project Path="Source/Auxilia.ImplementationWorkflow/Auxilia.ImplementationWorkflow.csproj" />
    <Project Path="Source\Auxilia.CodeReview.Workflow\Auxilia.CodeReview.Workflow.csproj" />
  </Folder>
  <Folder Name="/Source/">
    <Project Path="Source/Auxilia.Core.Api/Auxilia.Core.Api.csproj" />
  </Folder>
  <Project Path="Auxilia.Core.Api.Tests/Auxilia.Core.Api.Tests.csproj" />
  <Project Path="Auxilia.Core.Client/Auxilia.Core.Client.csproj" />
  <Project Path="Auxilia.Core.Contracts/Auxilia.Core.Contracts.csproj" />
  <Project Path="Auxilia.SystemTestSuite\Auxilia.SystemTestSuite.csproj" />
</Solution>